
Microsoft Visual Studio Solution File, Format Version 12.00
# Visual Studio Version 16
VisualStudioVersion = 16.0.31911.196
MinimumVisualStudioVersion = 10.0.40219.1
Project("{FAE04EC0-301F-11D3-BF4B-00C04F79EFBC}") = "G2G1FinalProject", "G2G1FinalProject\G2G1FinalProject.csproj", "{2CC85232-ED53-4524-9361-A8ACC79FFF93}"
EndProject
Global
	GlobalSection(SolutionConfigurationPlatforms) = preSolution
		Debug|Any CPU = Debug|Any CPU
		Release|Any CPU = Release|Any CPU
	EndGlobalSection
	GlobalSection(ProjectConfigurationPlatforms) = postSolution
		{2CC85232-ED53-4524-9361-A8ACC79FFF93}.Debug|Any CPU.ActiveCfg = Debug|Any CPU
		{2CC85232-ED53-4524-9361-A8ACC79FFF93}.Debug|Any CPU.Build.0 = Debug|Any CPU
		{2CC85232-ED53-4524-9361-A8ACC79FFF93}.Release|Any CPU.ActiveCfg = Release|Any CPU
		{2CC85232-ED53-4524-9361-A8ACC79FFF93}.Release|Any CPU.Build.0 = Release|Any CPU
	EndGlobalSection
	GlobalSection(SolutionProperties) = preSolution
		HideSolutionNode = FALSE
	EndGlobalSection
	GlobalSection(ExtensibilityGlobals) = postSolution
		SolutionGuid = {92D8F402-E74C-4FB6-A5AD-C273607FC448}
	EndGlobalSection
EndGlobal
